
Microsoft Visual Studio Solution File, Format Version 12.00
# Visual Studio Version 16
VisualStudioVersion = 16.0.33927.289
MinimumVisualStudioVersion = 10.0.40219.1
Project("{2150E333-8FDC-42A3-9474-1A3956D46DE8}") = "Task0", "Task0", "{38E5FC6F-7D82-4CC7-976A-3FDC6E738296}"
EndProject
Project("{FAE04EC0-301F-11D3-BF4B-00C04F79EFBC}") = "Tyuiu.KarpenkoNA.Sprint1.Task0.V8", "Tyuiu.KarpenkoNA.Sprint1.Task0.V8\Tyuiu.KarpenkoNA.Sprint1.Task0.V8.csproj", "{FF61FF1A-DEC6-41C0-B1D3-8ED770407748}"
EndProject
Project("{FAE04EC0-301F-11D3-BF4B-00C04F79EFBC}") = "Tyuiu.KarpenkoNA.Sprint1.Task0.V8.Lib", "Tyuiu.KarpenkoNA.Sprint1.Task0.V8.Lib\Tyuiu.KarpenkoNA.Sprint1.Task0.V8.Lib.csproj", "{2A2C208C-78E2-4239-AC98-9A5B3201B6AE}"
EndProject
Project("{FAE04EC0-301F-11D3-BF4B-00C04F79EFBC}") = "Tyuiu.KarpenkoNA.Sprint1.Task0.V8.Test", "Tyuiu.KarpenkoNA.Sprint1.Task0.V8.Test\Tyuiu.KarpenkoNA.Sprint1.Task0.V8.Test.csproj", "{C98A2A0B-674C-43C9-B011-D1F4B458BB35}"
EndProject
Project("{2150E333-8FDC-42A3-9474-1A3956D46DE8}") = "Task1", "Task1", "{7289ABF6-B2E3-46E5-BA39-7CBE1BEFD721}"
EndProject
Project("{FAE04EC0-301F-11D3-BF4B-00C04F79EFBC}") = "Tyuiu.KarpenkoNA.Sprint1.Task1.V16", "Tyuiu.KarpenkoNA.Sprint1.Task5.V0\Tyuiu.KarpenkoNA.Sprint1.Task1.V16.csproj", "{C8E53B27-2295-48B6-AEE6-3356C8DC1BD9}"
EndProject
Project("{FAE04EC0-301F-11D3-BF4B-00C04F79EFBC}") = "Tyuiu.KarpenkoNA.Sprint1.Task1.V16.Lib", "Tyuiu.KarpenkoNA.Sprint1.Task1.V0.Lib\Tyuiu.KarpenkoNA.Sprint1.Task1.V16.Lib.csproj", "{42AE1F5B-8337-4558-9CE8-4962D1B42E57}"
EndProject
Project("{FAE04EC0-301F-11D3-BF4B-00C04F79EFBC}") = "Tyuiu.KarpenkoNA.Sprint1.Task1.V16.Test", "Tyuiu.KarpenkoNA.Sprint1.Task1.V0.Test\Tyuiu.KarpenkoNA.Sprint1.Task1.V16.Test.csproj", "{BBA58B6C-0276-471F-B012-0FA74469893F}"
EndProject
Project("{2150E333-8FDC-42A3-9474-1A3956D46DE8}") = "Task2", "Task2", "{9F157BE8-687B-4795-BA43-C38CA691D651}"
EndProject
Project("{FAE04EC0-301F-11D3-BF4B-00C04F79EFBC}") = "Tyuiu.KarpenkoNA.Sprint1.Task2.V23", "Tyuiu.KarpenkoNA.Sprint1.Task2.V23\Tyuiu.KarpenkoNA.Sprint1.Task2.V23.csproj", "{F47E7393-3E8E-4A43-87CF-6F85BB40D654}"
EndProject
Project("{FAE04EC0-301F-11D3-BF4B-00C04F79EFBC}") = "Tyuiu.KarpenkoNA.Sprint1.Task2.V23.Lib", "Tyuiu.KarpenkoNA.Sprint1.Task2.V23.Lib\Tyuiu.KarpenkoNA.Sprint1.Task2.V23.Lib.csproj", "{838A9499-BBD3-4CAA-81A6-DE1BA7FF152F}"
EndProject
Project("{FAE04EC0-301F-11D3-BF4B-00C04F79EFBC}") = "Tyuiu.KarpenkoNA.Sprint1.Task2.V23.Test", "Tyuiu.KarpenkoNA.Sprint1.Task2.V23.Test\Tyuiu.KarpenkoNA.Sprint1.Task2.V23.Test.csproj", "{8060FF13-198F-4651-85E6-886EB5FE3322}"
EndProject
Global
	GlobalSection(SolutionConfigurationPlatforms) = preSolution
		Debug|Any CPU = Debug|Any CPU
		Release|Any CPU = Release|Any CPU
	EndGlobalSection
	GlobalSection(ProjectConfigurationPlatforms) = postSolution
		{FF61FF1A-DEC6-41C0-B1D3-8ED770407748}.Debug|Any CPU.ActiveCfg = Debug|Any CPU
		{FF61FF1A-DEC6-41C0-B1D3-8ED770407748}.Debug|Any CPU.Build.0 = Debug|Any CPU
		{FF61FF1A-DEC6-41C0-B1D3-8ED770407748}.Release|Any CPU.ActiveCfg = Release|Any CPU
		{FF61FF1A-DEC6-41C0-B1D3-8ED770407748}.Release|Any CPU.Build.0 = Release|Any CPU
		{2A2C208C-78E2-4239-AC98-9A5B3201B6AE}.Debug|Any CPU.ActiveCfg = Debug|Any CPU
		{2A2C208C-78E2-4239-AC98-9A5B3201B6AE}.Debug|Any CPU.Build.0 = Debug|Any CPU
		{2A2C208C-78E2-4239-AC98-9A5B3201B6AE}.Release|Any CPU.ActiveCfg = Release|Any CPU
		{2A2C208C-78E2-4239-AC98-9A5B3201B6AE}.Release|Any CPU.Build.0 = Release|Any CPU
		{C98A2A0B-674C-43C9-B011-D1F4B458BB35}.Debug|Any CPU.ActiveCfg = Debug|Any CPU
		{C98A2A0B-674C-43C9-B011-D1F4B458BB35}.Debug|Any CPU.Build.0 = Debug|Any CPU
		{C98A2A0B-674C-43C9-B011-D1F4B458BB35}.Release|Any CPU.ActiveCfg = Release|Any CPU
		{C98A2A0B-674C-43C9-B011-D1F4B458BB35}.Release|Any CPU.Build.0 = Release|Any CPU
		{C8E53B27-2295-48B6-AEE6-3356C8DC1BD9}.Debug|Any CPU.ActiveCfg = Debug|Any CPU
		{C8E53B27-2295-48B6-AEE6-3356C8DC1BD9}.Debug|Any CPU.Build.0 = Debug|Any CPU
		{C8E53B27-2295-48B6-AEE6-3356C8DC1BD9}.Release|Any CPU.ActiveCfg = Release|Any CPU
		{C8E53B27-2295-48B6-AEE6-3356C8DC1BD9}.Release|Any CPU.Build.0 = Release|Any CPU
		{42AE1F5B-8337-4558-9CE8-4962D1B42E57}.Debug|Any CPU.ActiveCfg = Debug|Any CPU
		{42AE1F5B-8337-4558-9CE8-4962D1B42E57}.Debug|Any CPU.Build.0 = Debug|Any CPU
		{42AE1F5B-8337-4558-9CE8-4962D1B42E57}.Release|Any CPU.ActiveCfg = Release|Any CPU
		{42AE1F5B-8337-4558-9CE8-4962D1B42E57}.Release|Any CPU.Build.0 = Release|Any CPU
		{BBA58B6C-0276-471F-B012-0FA74469893F}.Debug|Any CPU.ActiveCfg = Debug|Any CPU
		{BBA58B6C-0276-471F-B012-0FA74469893F}.Debug|Any CPU.Build.0 = Debug|Any CPU
		{BBA58B6C-0276-471F-B012-0FA74469893F}.Release|Any CPU.ActiveCfg = Release|Any CPU
		{BBA58B6C-0276-471F-B012-0FA74469893F}.Release|Any CPU.Build.0 = Release|Any CPU
		{F47E7393-3E8E-4A43-87CF-6F85BB40D654}.Debug|Any CPU.ActiveCfg = Debug|Any CPU
		{F47E7393-3E8E-4A43-87CF-6F85BB40D654}.Debug|Any CPU.Build.0 = Debug|Any CPU
		{F47E7393-3E8E-4A43-87CF-6F85BB40D654}.Release|Any CPU.ActiveCfg = Release|Any CPU
		{F47E7393-3E8E-4A43-87CF-6F85BB40D654}.Release|Any CPU.Build.0 = Release|Any CPU
		{838A9499-BBD3-4CAA-81A6-DE1BA7FF152F}.Debug|Any CPU.ActiveCfg = Debug|Any CPU
		{838A9499-BBD3-4CAA-81A6-DE1BA7FF152F}.Debug|Any CPU.Build.0 = Debug|Any CPU
		{838A9499-BBD3-4CAA-81A6-DE1BA7FF152F}.Release|Any CPU.ActiveCfg = Release|Any CPU
		{838A9499-BBD3-4CAA-81A6-DE1BA7FF152F}.Release|Any CPU.Build.0 = Release|Any CPU
		{8060FF13-198F-4651-85E6-886EB5FE3322}.Debug|Any CPU.ActiveCfg = Debug|Any CPU
		{8060FF13-198F-4651-85E6-886EB5FE3322}.Debug|Any CPU.Build.0 = Debug|Any CPU
		{8060FF13-198F-4651-85E6-886EB5FE3322}.Release|Any CPU.ActiveCfg = Release|Any CPU
		{8060FF13-198F-4651-85E6-886EB5FE3322}.Release|Any CPU.Build.0 = Release|Any CPU
	EndGlobalSection
	GlobalSection(SolutionProperties) = preSolution
		HideSolutionNode = FALSE
	EndGlobalSection
	GlobalSection(NestedProjects) = preSolution
		{FF61FF1A-DEC6-41C0-B1D3-8ED770407748} = {38E5FC6F-7D82-4CC7-976A-3FDC6E738296}
		{2A2C208C-78E2-4239-AC98-9A5B3201B6AE} = {38E5FC6F-7D82-4CC7-976A-3FDC6E738296}
		{C98A2A0B-674C-43C9-B011-D1F4B458BB35} = {38E5FC6F-7D82-4CC7-976A-3FDC6E738296}
		{C8E53B27-2295-48B6-AEE6-3356C8DC1BD9} = {7289ABF6-B2E3-46E5-BA39-7CBE1BEFD721}
		{42AE1F5B-8337-4558-9CE8-4962D1B42E57} = {7289ABF6-B2E3-46E5-BA39-7CBE1BEFD721}
		{BBA58B6C-0276-471F-B012-0FA74469893F} = {7289ABF6-B2E3-46E5-BA39-7CBE1BEFD721}
		{F47E7393-3E8E-4A43-87CF-6F85BB40D654} = {9F157BE8-687B-4795-BA43-C38CA691D651}
		{838A9499-BBD3-4CAA-81A6-DE1BA7FF152F} = {9F157BE8-687B-4795-BA43-C38CA691D651}
		{8060FF13-198F-4651-85E6-886EB5FE3322} = {9F157BE8-687B-4795-BA43-C38CA691D651}
	EndGlobalSection
	GlobalSection(ExtensibilityGlobals) = postSolution
		SolutionGuid = {FAD8E585-D882-40BB-8D78-85B7EEC793E7}
	EndGlobalSection
EndGlobal
